
Microsoft Visual Studio Solution File, Format Version 12.00
# Visual Studio Version 16
VisualStudioVersion = 16.0.29409.12
MinimumVisualStudioVersion = 10.0.40219.1
Project("{FAE04EC0-301F-11D3-BF4B-00C04F79EFBC}") = "MyBorsApp", "MyBorsApp\MyBorsApp.csproj", "{58E976BF-6DB3-44CD-A7C8-3A7D2057B7FF}"
EndProject
Project("{FAE04EC0-301F-11D3-BF4B-00C04F79EFBC}") = "Models", "Models\Models.csproj", "{B1DB3E8A-980A-4241-B686-74183B9AE143}"
EndProject
Project("{FAE04EC0-301F-11D3-BF4B-00C04F79EFBC}") = "DataLayer", "DataLayer\DataLayer.csproj", "{088A4B35-5B45-4E33-96C4-42DC2B144685}"
EndProject
Global
	GlobalSection(SolutionConfigurationPlatforms) = preSolution
		Debug|Any CPU = Debug|Any CPU
		Release|Any CPU = Release|Any CPU
	EndGlobalSection
	GlobalSection(ProjectConfigurationPlatforms) = postSolution
		{58E976BF-6DB3-44CD-A7C8-3A7D2057B7FF}.Debug|Any CPU.ActiveCfg = Debug|Any CPU
		{58E976BF-6DB3-44CD-A7C8-3A7D2057B7FF}.Debug|Any CPU.Build.0 = Debug|Any CPU
		{58E976BF-6DB3-44CD-A7C8-3A7D2057B7FF}.Release|Any CPU.ActiveCfg = Release|Any CPU
		{58E976BF-6DB3-44CD-A7C8-3A7D2057B7FF}.Release|Any CPU.Build.0 = Release|Any CPU
		{B1DB3E8A-980A-4241-B686-74183B9AE143}.Debug|Any CPU.ActiveCfg = Debug|Any CPU
		{B1DB3E8A-980A-4241-B686-74183B9AE143}.Debug|Any CPU.Build.0 = Debug|Any CPU
		{B1DB3E8A-980A-4241-B686-74183B9AE143}.Release|Any CPU.ActiveCfg = Release|Any CPU
		{B1DB3E8A-980A-4241-B686-74183B9AE143}.Release|Any CPU.Build.0 = Release|Any CPU
		{088A4B35-5B45-4E33-96C4-42DC2B144685}.Debug|Any CPU.ActiveCfg = Debug|Any CPU
		{088A4B35-5B45-4E33-96C4-42DC2B144685}.Debug|Any CPU.Build.0 = Debug|Any CPU
		{088A4B35-5B45-4E33-96C4-42DC2B144685}.Release|Any CPU.ActiveCfg = Release|Any CPU
		{088A4B35-5B45-4E33-96C4-42DC2B144685}.Release|Any CPU.Build.0 = Release|Any CPU
	EndGlobalSection
	GlobalSection(SolutionProperties) = preSolution
		HideSolutionNode = FALSE
	EndGlobalSection
	GlobalSection(ExtensibilityGlobals) = postSolution
		SolutionGuid = {B0701EFC-525C-4C88-BEF6-1DB9EAB91CF8}
	EndGlobalSection
EndGlobal
